
Microsoft Visual Studio Solution File, Format Version 12.00
# Visual Studio 15
VisualStudioVersion = 15.0.26730.15
MinimumVisualStudioVersion = 10.0.40219.1
Project("{2150E333-8FDC-42A3-9474-1A3956D46DE8}") = ".paket", ".paket", "{534A9E3C-C326-4D08-AFC5-9D9957CC9AD4}"
	ProjectSection(SolutionItems) = preProject
		paket.dependencies = paket.dependencies
		paket.lock = paket.lock
	EndProjectSection
EndProject
Project("{2150E333-8FDC-42A3-9474-1A3956D46DE8}") = ".examples", ".examples", "{150157B8-E1A8-4641-A240-5872EDAAFED2}"
EndProject
Project("{2150E333-8FDC-42A3-9474-1A3956D46DE8}") = ".docs", ".docs", "{A4725C57-6079-41BB-87E8-E46C1A0750F2}"
	ProjectSection(SolutionItems) = preProject
		README.md = README.md
	EndProjectSection
EndProject
Project("{2150E333-8FDC-42A3-9474-1A3956D46DE8}") = ".build", ".build", "{627AA02E-C6C0-4E0A-BF5A-DE0A2EF8D465}"
	ProjectSection(SolutionItems) = preProject
		appveyor.yml = appveyor.yml
		build.bat = build.bat
		clean.bat = clean.bat
		deploy.bat = deploy.bat
		pack.bat = pack.bat
	EndProjectSection
EndProject
Project("{2150E333-8FDC-42A3-9474-1A3956D46DE8}") = ".git", ".git", "{D4745EE0-64B6-44DC-AC13-A6E843FB3643}"
	ProjectSection(SolutionItems) = preProject
		.gitignore = .gitignore
	EndProjectSection
EndProject
Project("{FAE04EC0-301F-11D3-BF4B-00C04F79EFBC}") = "BuildTasks", ".build\BuildTasks\BuildTasks.csproj", "{6C9072FE-B0ED-4A93-8083-C692FA250CEE}"
EndProject
Project("{2150E333-8FDC-42A3-9474-1A3956D46DE8}") = "FluentWindsor", "FluentWindsor", "{4EEEF1F0-96F2-4AAB-81F2-632B2CB4744D}"
EndProject
Project("{2150E333-8FDC-42A3-9474-1A3956D46DE8}") = "FluentWindsor", "FluentWindsor", "{BBC186AD-3AE3-44F8-AC8A-7CF249A804FF}"
EndProject
Project("{FAE04EC0-301F-11D3-BF4B-00C04F79EFBC}") = "FluentWindsor", "FluentWindsor\FluentWindsor\FluentWindsor.csproj", "{C7DF8728-86E4-400D-A1AA-1449B1B5F807}"
EndProject
Project("{FAE04EC0-301F-11D3-BF4B-00C04F79EFBC}") = "FluentWindsor.Mvc", "FluentWindsor\FluentWindsor.Mvc\FluentWindsor.Mvc.csproj", "{963F8D02-7CD8-4BCF-A2E1-1A41952345BF}"
EndProject
Project("{FAE04EC0-301F-11D3-BF4B-00C04F79EFBC}") = "FluentWindsor.Tests", "FluentWindsor\FluentWindsor.Tests\FluentWindsor.Tests.csproj", "{CE537FBB-6476-4E34-A867-1C793F112A2E}"
EndProject
Project("{FAE04EC0-301F-11D3-BF4B-00C04F79EFBC}") = "FluentWindsor.WebApi", "FluentWindsor\FluentWindsor.WebApi\FluentWindsor.WebApi.csproj", "{D0AEEC65-4431-4ACA-B3EB-CE13A2885503}"
EndProject
Project("{FAE04EC0-301F-11D3-BF4B-00C04F79EFBC}") = "Example.Console", ".examples\FluentWindsor\Example.Console\Example.Console.csproj", "{CE2FF12D-E373-4375-9C11-67F83773B6D1}"
EndProject
Project("{FAE04EC0-301F-11D3-BF4B-00C04F79EFBC}") = "Example.Test.AssemblyA", ".examples\FluentWindsor\Example.Test.AssemblyA\Example.Test.AssemblyA.csproj", "{3661926F-18D6-454A-8240-BCF07DD5BF4E}"
EndProject
Project("{FAE04EC0-301F-11D3-BF4B-00C04F79EFBC}") = "Example.Test.AssemblyB", ".examples\FluentWindsor\Example.Test.AssemblyB\Example.Test.AssemblyB.csproj", "{FC239C37-E7A4-43B5-A610-3C4B93E935ED}"
EndProject
Project("{FAE04EC0-301F-11D3-BF4B-00C04F79EFBC}") = "Example.Test.AssemblyC", ".examples\FluentWindsor\Example.Test.AssemblyC\Example.Test.AssemblyC.csproj", "{D39AA55C-DC18-4B75-B00C-B5C3F73A29C0}"
EndProject
Project("{FAE04EC0-301F-11D3-BF4B-00C04F79EFBC}") = "Example.MVC", ".examples\FluentWindsor\Example.MVC\Example.MVC.csproj", "{CC1677B6-3166-485C-8C19-56EC70F2A873}"
EndProject
Project("{2150E333-8FDC-42A3-9474-1A3956D46DE8}") = "FluentWindsor.Hawkeye", "FluentWindsor.Hawkeye", "{C63780A2-AA3C-46E2-BCE0-2FEA8AAB4234}"
EndProject
Project("{2150E333-8FDC-42A3-9474-1A3956D46DE8}") = "FluentWindsor.Hawkeye", "FluentWindsor.Hawkeye", "{630E20F0-4420-4234-903F-3BBF26072226}"
EndProject
Project("{FAE04EC0-301F-11D3-BF4B-00C04F79EFBC}") = "FluentWindsor.Hawkeye", "FluentWindsor.Hawkeye\Hawkeye\FluentWindsor.Hawkeye.csproj", "{8D0D2ACF-DB8C-4EEC-9E55-1C9DDE10E850}"
EndProject
Project("{FAE04EC0-301F-11D3-BF4B-00C04F79EFBC}") = "FluentWindsor.Hawkeye.Tests", "FluentWindsor.Hawkeye\Hawkeye.Tests\FluentWindsor.Hawkeye.Tests.csproj", "{C9A993FB-87A5-4CBE-94F1-8D1C00FA5F0B}"
EndProject
Project("{FAE04EC0-301F-11D3-BF4B-00C04F79EFBC}") = "Example.Console", ".examples\FluentWindsor.Hawkeye\Example.Console\Example.Console.csproj", "{9ABCE904-ABB4-4959-8DCD-70778D288404}"
EndProject
Project("{FAE04EC0-301F-11D3-BF4B-00C04F79EFBC}") = "Example.MVC", ".examples\FluentWindsor.Hawkeye\Example.MVC\Example.MVC.csproj", "{3768375B-02D2-415C-B4B1-42DA20899F4E}"
EndProject
Project("{2150E333-8FDC-42A3-9474-1A3956D46DE8}") = ".docs", ".docs", "{C1BA4CCF-04E0-4D7E-B217-2EA984A110C2}"
	ProjectSection(SolutionItems) = preProject
		FluentWindsor.Hawkeye\README.md = FluentWindsor.Hawkeye\README.md
	EndProjectSection
EndProject
Project("{2150E333-8FDC-42A3-9474-1A3956D46DE8}") = "FluentWindsor.EndersJson", "FluentWindsor.EndersJson", "{A58BA0F6-787B-4A30-88C3-01454BDEE1BC}"
EndProject
Project("{FAE04EC0-301F-11D3-BF4B-00C04F79EFBC}") = "FluentWindsor.EndersJson", "FluentWindsor.EndersJson\EndersJson\FluentWindsor.EndersJson.csproj", "{36C995AE-6649-43EF-A7AA-8B2ACA91D667}"
EndProject
Project("{FAE04EC0-301F-11D3-BF4B-00C04F79EFBC}") = "FluentWindsor.EndersJson.Tests", "FluentWindsor.EndersJson\EndersJson.Tests\FluentWindsor.EndersJson.Tests.csproj", "{805E8FF2-80D9-429B-A6B5-A846A2DA8BE9}"
EndProject
Project("{FAE04EC0-301F-11D3-BF4B-00C04F79EFBC}") = "FluentWindsor.EndersJson.Windsor", "FluentWindsor.EndersJson\EndersJson.Windsor\FluentWindsor.EndersJson.Windsor.csproj", "{9A5D37C9-EB0A-41D9-9CD9-AF871EF16BDC}"
EndProject
Project("{FAE04EC0-301F-11D3-BF4B-00C04F79EFBC}") = "FluentWindsor.EndersJson.Windsor.Tests", "FluentWindsor.EndersJson\EndersJson.Windsor.Tests\FluentWindsor.EndersJson.Windsor.Tests.csproj", "{A24DA96F-0EEF-4AFB-9F73-3F99586520DE}"
EndProject
Project("{2150E333-8FDC-42A3-9474-1A3956D46DE8}") = ".docs", ".docs", "{1DC00D00-81AA-4DFC-B9A6-01A69F1213C9}"
	ProjectSection(SolutionItems) = preProject
		FluentWindsor.EndersJson\README.md = FluentWindsor.EndersJson\README.md
	EndProjectSection
EndProject
Project("{2150E333-8FDC-42A3-9474-1A3956D46DE8}") = "msbuild", "msbuild", "{FE7A501C-AF36-40EE-BC9B-54D837CFE303}"
	ProjectSection(SolutionItems) = preProject
		.build\build-and-deploy.msbuild = .build\build-and-deploy.msbuild
		.build\build-and-deploy.properties.msbuild = .build\build-and-deploy.properties.msbuild
	EndProjectSection
EndProject
Project("{2150E333-8FDC-42A3-9474-1A3956D46DE8}") = "FluentWindsor.EndersJson", "FluentWindsor.EndersJson", "{E95AB3FF-C4A8-4A5B-9A10-34873570B83A}"
EndProject
Project("{FAE04EC0-301F-11D3-BF4B-00C04F79EFBC}") = "Example.Console", ".examples\FluentWindsor.EndersJson\Example.Console\Example.Console.csproj", "{B7B8607F-545F-4541-A108-1C628CBA1A7C}"
EndProject
Project("{2150E333-8FDC-42A3-9474-1A3956D46DE8}") = "FluentWindsor.Cachely", "FluentWindsor.Cachely", "{467C5565-3D0A-4AE5-A109-7411554AB6BD}"
EndProject
Project("{FAE04EC0-301F-11D3-BF4B-00C04F79EFBC}") = "FluentWindsor.Cachely", "FluentWindsor.Cachely\Cachely\FluentWindsor.Cachely.csproj", "{91C3B5F1-BF0C-4729-9B35-1CA22B9D9298}"
EndProject
Project("{FAE04EC0-301F-11D3-BF4B-00C04F79EFBC}") = "FluentWindsor.Cachely.Windsor", "FluentWindsor.Cachely\Cachely.Windsor\FluentWindsor.Cachely.Windsor.csproj", "{C467290D-4337-48B3-9CCE-1F4357761F21}"
EndProject
Project("{FAE04EC0-301F-11D3-BF4B-00C04F79EFBC}") = "FluentWindsor.Cachely.Tests", "FluentWindsor.Cachely\Cachely.Tests\FluentWindsor.Cachely.Tests.csproj", "{1135785F-89BF-4DA6-85CA-575B506BC45E}"
EndProject
Project("{FAE04EC0-301F-11D3-BF4B-00C04F79EFBC}") = "FluentWindsor.Cachely.Windsor.Tests", "FluentWindsor.Cachely\Cachely.Windsor.Tests\FluentWindsor.Cachely.Windsor.Tests.csproj", "{D53896BA-A99E-425D-A10B-8F2A2F4647BC}"
EndProject
Project("{2150E333-8FDC-42A3-9474-1A3956D46DE8}") = ".docs", ".docs", "{E4CD0F62-5F6B-41C1-AB8F-ED91F2F000A8}"
	ProjectSection(SolutionItems) = preProject
		FluentWindsor.Cachely\README.md = FluentWindsor.Cachely\README.md
	EndProjectSection
EndProject
Project("{2150E333-8FDC-42A3-9474-1A3956D46DE8}") = "FluentWindsor.Cachely", "FluentWindsor.Cachely", "{91F9F468-49A3-4CD8-AC51-D332ECEF1873}"
EndProject
Project("{FAE04EC0-301F-11D3-BF4B-00C04F79EFBC}") = "Example.Console", ".examples\FluentWindsor.Cachely\Example.Console\Example.Console.csproj", "{7D8C63C6-DCBD-411B-8B1D-52BA32612500}"
EndProject
Project("{2150E333-8FDC-42A3-9474-1A3956D46DE8}") = ".version", ".version", "{9ED02B50-75B5-416A-85D3-75519B187C02}"
	ProjectSection(SolutionItems) = preProject
		SolutionInfo.cs = SolutionInfo.cs
	EndProjectSection
EndProject
Global
	GlobalSection(SolutionConfigurationPlatforms) = preSolution
		Debug|Any CPU = Debug|Any CPU
		Release|Any CPU = Release|Any CPU
	EndGlobalSection
	GlobalSection(ProjectConfigurationPlatforms) = postSolution
		{6C9072FE-B0ED-4A93-8083-C692FA250CEE}.Debug|Any CPU.ActiveCfg = Debug|Any CPU
		{6C9072FE-B0ED-4A93-8083-C692FA250CEE}.Debug|Any CPU.Build.0 = Debug|Any CPU
		{6C9072FE-B0ED-4A93-8083-C692FA250CEE}.Release|Any CPU.ActiveCfg = Release|Any CPU
		{6C9072FE-B0ED-4A93-8083-C692FA250CEE}.Release|Any CPU.Build.0 = Release|Any CPU
		{C7DF8728-86E4-400D-A1AA-1449B1B5F807}.Debug|Any CPU.ActiveCfg = Debug|Any CPU
		{C7DF8728-86E4-400D-A1AA-1449B1B5F807}.Debug|Any CPU.Build.0 = Debug|Any CPU
		{C7DF8728-86E4-400D-A1AA-1449B1B5F807}.Release|Any CPU.ActiveCfg = Release|Any CPU
		{C7DF8728-86E4-400D-A1AA-1449B1B5F807}.Release|Any CPU.Build.0 = Release|Any CPU
		{963F8D02-7CD8-4BCF-A2E1-1A41952345BF}.Debug|Any CPU.ActiveCfg = Debug|Any CPU
		{963F8D02-7CD8-4BCF-A2E1-1A41952345BF}.Debug|Any CPU.Build.0 = Debug|Any CPU
		{963F8D02-7CD8-4BCF-A2E1-1A41952345BF}.Release|Any CPU.ActiveCfg = Release|Any CPU
		{963F8D02-7CD8-4BCF-A2E1-1A41952345BF}.Release|Any CPU.Build.0 = Release|Any CPU
		{CE537FBB-6476-4E34-A867-1C793F112A2E}.Debug|Any CPU.ActiveCfg = Debug|Any CPU
		{CE537FBB-6476-4E34-A867-1C793F112A2E}.Debug|Any CPU.Build.0 = Debug|Any CPU
		{CE537FBB-6476-4E34-A867-1C793F112A2E}.Release|Any CPU.ActiveCfg = Release|Any CPU
		{CE537FBB-6476-4E34-A867-1C793F112A2E}.Release|Any CPU.Build.0 = Release|Any CPU
		{D0AEEC65-4431-4ACA-B3EB-CE13A2885503}.Debug|Any CPU.ActiveCfg = Debug|Any CPU
		{D0AEEC65-4431-4ACA-B3EB-CE13A2885503}.Debug|Any CPU.Build.0 = Debug|Any CPU
		{D0AEEC65-4431-4ACA-B3EB-CE13A2885503}.Release|Any CPU.ActiveCfg = Release|Any CPU
		{D0AEEC65-4431-4ACA-B3EB-CE13A2885503}.Release|Any CPU.Build.0 = Release|Any CPU
		{CE2FF12D-E373-4375-9C11-67F83773B6D1}.Debug|Any CPU.ActiveCfg = Debug|Any CPU
		{CE2FF12D-E373-4375-9C11-67F83773B6D1}.Debug|Any CPU.Build.0 = Debug|Any CPU
		{CE2FF12D-E373-4375-9C11-67F83773B6D1}.Release|Any CPU.ActiveCfg = Release|Any CPU
		{CE2FF12D-E373-4375-9C11-67F83773B6D1}.Release|Any CPU.Build.0 = Release|Any CPU
		{3661926F-18D6-454A-8240-BCF07DD5BF4E}.Debug|Any CPU.ActiveCfg = Debug|Any CPU
		{3661926F-18D6-454A-8240-BCF07DD5BF4E}.Debug|Any CPU.Build.0 = Debug|Any CPU
		{3661926F-18D6-454A-8240-BCF07DD5BF4E}.Release|Any CPU.ActiveCfg = Release|Any CPU
		{3661926F-18D6-454A-8240-BCF07DD5BF4E}.Release|Any CPU.Build.0 = Release|Any CPU
		{FC239C37-E7A4-43B5-A610-3C4B93E935ED}.Debug|Any CPU.ActiveCfg = Debug|Any CPU
		{FC239C37-E7A4-43B5-A610-3C4B93E935ED}.Debug|Any CPU.Build.0 = Debug|Any CPU
		{FC239C37-E7A4-43B5-A610-3C4B93E935ED}.Release|Any CPU.ActiveCfg = Release|Any CPU
		{FC239C37-E7A4-43B5-A610-3C4B93E935ED}.Release|Any CPU.Build.0 = Release|Any CPU
		{D39AA55C-DC18-4B75-B00C-B5C3F73A29C0}.Debug|Any CPU.ActiveCfg = Debug|Any CPU
		{D39AA55C-DC18-4B75-B00C-B5C3F73A29C0}.Debug|Any CPU.Build.0 = Debug|Any CPU
		{D39AA55C-DC18-4B75-B00C-B5C3F73A29C0}.Release|Any CPU.ActiveCfg = Release|Any CPU
		{D39AA55C-DC18-4B75-B00C-B5C3F73A29C0}.Release|Any CPU.Build.0 = Release|Any CPU
		{CC1677B6-3166-485C-8C19-56EC70F2A873}.Debug|Any CPU.ActiveCfg = Debug|Any CPU
		{CC1677B6-3166-485C-8C19-56EC70F2A873}.Debug|Any CPU.Build.0 = Debug|Any CPU
		{CC1677B6-3166-485C-8C19-56EC70F2A873}.Release|Any CPU.ActiveCfg = Release|Any CPU
		{CC1677B6-3166-485C-8C19-56EC70F2A873}.Release|Any CPU.Build.0 = Release|Any CPU
		{8D0D2ACF-DB8C-4EEC-9E55-1C9DDE10E850}.Debug|Any CPU.ActiveCfg = Debug|Any CPU
		{8D0D2ACF-DB8C-4EEC-9E55-1C9DDE10E850}.Debug|Any CPU.Build.0 = Debug|Any CPU
		{8D0D2ACF-DB8C-4EEC-9E55-1C9DDE10E850}.Release|Any CPU.ActiveCfg = Release|Any CPU
		{8D0D2ACF-DB8C-4EEC-9E55-1C9DDE10E850}.Release|Any CPU.Build.0 = Release|Any CPU
		{C9A993FB-87A5-4CBE-94F1-8D1C00FA5F0B}.Debug|Any CPU.ActiveCfg = Debug|Any CPU
		{C9A993FB-87A5-4CBE-94F1-8D1C00FA5F0B}.Debug|Any CPU.Build.0 = Debug|Any CPU
		{C9A993FB-87A5-4CBE-94F1-8D1C00FA5F0B}.Release|Any CPU.ActiveCfg = Release|Any CPU
		{C9A993FB-87A5-4CBE-94F1-8D1C00FA5F0B}.Release|Any CPU.Build.0 = Release|Any CPU
		{9ABCE904-ABB4-4959-8DCD-70778D288404}.Debug|Any CPU.ActiveCfg = Debug|Any CPU
		{9ABCE904-ABB4-4959-8DCD-70778D288404}.Debug|Any CPU.Build.0 = Debug|Any CPU
		{9ABCE904-ABB4-4959-8DCD-70778D288404}.Release|Any CPU.ActiveCfg = Release|Any CPU
		{9ABCE904-ABB4-4959-8DCD-70778D288404}.Release|Any CPU.Build.0 = Release|Any CPU
		{3768375B-02D2-415C-B4B1-42DA20899F4E}.Debug|Any CPU.ActiveCfg = Debug|Any CPU
		{3768375B-02D2-415C-B4B1-42DA20899F4E}.Debug|Any CPU.Build.0 = Debug|Any CPU
		{3768375B-02D2-415C-B4B1-42DA20899F4E}.Release|Any CPU.ActiveCfg = Release|Any CPU
		{3768375B-02D2-415C-B4B1-42DA20899F4E}.Release|Any CPU.Build.0 = Release|Any CPU
		{36C995AE-6649-43EF-A7AA-8B2ACA91D667}.Debug|Any CPU.ActiveCfg = Debug|Any CPU
		{36C995AE-6649-43EF-A7AA-8B2ACA91D667}.Debug|Any CPU.Build.0 = Debug|Any CPU
		{36C995AE-6649-43EF-A7AA-8B2ACA91D667}.Release|Any CPU.ActiveCfg = Release|Any CPU
		{36C995AE-6649-43EF-A7AA-8B2ACA91D667}.Release|Any CPU.Build.0 = Release|Any CPU
		{805E8FF2-80D9-429B-A6B5-A846A2DA8BE9}.Debug|Any CPU.ActiveCfg = Debug|Any CPU
		{805E8FF2-80D9-429B-A6B5-A846A2DA8BE9}.Debug|Any CPU.Build.0 = Debug|Any CPU
		{805E8FF2-80D9-429B-A6B5-A846A2DA8BE9}.Release|Any CPU.ActiveCfg = Release|Any CPU
		{805E8FF2-80D9-429B-A6B5-A846A2DA8BE9}.Release|Any CPU.Build.0 = Release|Any CPU
		{9A5D37C9-EB0A-41D9-9CD9-AF871EF16BDC}.Debug|Any CPU.ActiveCfg = Debug|Any CPU
		{9A5D37C9-EB0A-41D9-9CD9-AF871EF16BDC}.Debug|Any CPU.Build.0 = Debug|Any CPU
		{9A5D37C9-EB0A-41D9-9CD9-AF871EF16BDC}.Release|Any CPU.ActiveCfg = Release|Any CPU
		{9A5D37C9-EB0A-41D9-9CD9-AF871EF16BDC}.Release|Any CPU.Build.0 = Release|Any CPU
		{A24DA96F-0EEF-4AFB-9F73-3F99586520DE}.Debug|Any CPU.ActiveCfg = Debug|Any CPU
		{A24DA96F-0EEF-4AFB-9F73-3F99586520DE}.Debug|Any CPU.Build.0 = Debug|Any CPU
		{A24DA96F-0EEF-4AFB-9F73-3F99586520DE}.Release|Any CPU.ActiveCfg = Release|Any CPU
		{A24DA96F-0EEF-4AFB-9F73-3F99586520DE}.Release|Any CPU.Build.0 = Release|Any CPU
		{B7B8607F-545F-4541-A108-1C628CBA1A7C}.Debug|Any CPU.ActiveCfg = Debug|Any CPU
		{B7B8607F-545F-4541-A108-1C628CBA1A7C}.Debug|Any CPU.Build.0 = Debug|Any CPU
		{B7B8607F-545F-4541-A108-1C628CBA1A7C}.Release|Any CPU.ActiveCfg = Release|Any CPU
		{B7B8607F-545F-4541-A108-1C628CBA1A7C}.Release|Any CPU.Build.0 = Release|Any CPU
		{91C3B5F1-BF0C-4729-9B35-1CA22B9D9298}.Debug|Any CPU.ActiveCfg = Debug|Any CPU
		{91C3B5F1-BF0C-4729-9B35-1CA22B9D9298}.Debug|Any CPU.Build.0 = Debug|Any CPU
		{91C3B5F1-BF0C-4729-9B35-1CA22B9D9298}.Release|Any CPU.ActiveCfg = Release|Any CPU
		{91C3B5F1-BF0C-4729-9B35-1CA22B9D9298}.Release|Any CPU.Build.0 = Release|Any CPU
		{C467290D-4337-48B3-9CCE-1F4357761F21}.Debug|Any CPU.ActiveCfg = Debug|Any CPU
		{C467290D-4337-48B3-9CCE-1F4357761F21}.Debug|Any CPU.Build.0 = Debug|Any CPU
		{C467290D-4337-48B3-9CCE-1F4357761F21}.Release|Any CPU.ActiveCfg = Release|Any CPU
		{C467290D-4337-48B3-9CCE-1F4357761F21}.Release|Any CPU.Build.0 = Release|Any CPU
		{1135785F-89BF-4DA6-85CA-575B506BC45E}.Debug|Any CPU.ActiveCfg = Debug|Any CPU
		{1135785F-89BF-4DA6-85CA-575B506BC45E}.Debug|Any CPU.Build.0 = Debug|Any CPU
		{1135785F-89BF-4DA6-85CA-575B506BC45E}.Release|Any CPU.ActiveCfg = Release|Any CPU
		{1135785F-89BF-4DA6-85CA-575B506BC45E}.Release|Any CPU.Build.0 = Release|Any CPU
		{D53896BA-A99E-425D-A10B-8F2A2F4647BC}.Debug|Any CPU.ActiveCfg = Debug|Any CPU
		{D53896BA-A99E-425D-A10B-8F2A2F4647BC}.Debug|Any CPU.Build.0 = Debug|Any CPU
		{D53896BA-A99E-425D-A10B-8F2A2F4647BC}.Release|Any CPU.ActiveCfg = Release|Any CPU
		{D53896BA-A99E-425D-A10B-8F2A2F4647BC}.Release|Any CPU.Build.0 = Release|Any CPU
		{7D8C63C6-DCBD-411B-8B1D-52BA32612500}.Debug|Any CPU.ActiveCfg = Debug|Any CPU
		{7D8C63C6-DCBD-411B-8B1D-52BA32612500}.Debug|Any CPU.Build.0 = Debug|Any CPU
		{7D8C63C6-DCBD-411B-8B1D-52BA32612500}.Release|Any CPU.ActiveCfg = Release|Any CPU
		{7D8C63C6-DCBD-411B-8B1D-52BA32612500}.Release|Any CPU.Build.0 = Release|Any CPU
	EndGlobalSection
	GlobalSection(SolutionProperties) = preSolution
		HideSolutionNode = FALSE
	EndGlobalSection
	GlobalSection(NestedProjects) = preSolution
		{A4725C57-6079-41BB-87E8-E46C1A0750F2} = {BBC186AD-3AE3-44F8-AC8A-7CF249A804FF}
		{6C9072FE-B0ED-4A93-8083-C692FA250CEE} = {627AA02E-C6C0-4E0A-BF5A-DE0A2EF8D465}
		{4EEEF1F0-96F2-4AAB-81F2-632B2CB4744D} = {150157B8-E1A8-4641-A240-5872EDAAFED2}
		{C7DF8728-86E4-400D-A1AA-1449B1B5F807} = {BBC186AD-3AE3-44F8-AC8A-7CF249A804FF}
		{963F8D02-7CD8-4BCF-A2E1-1A41952345BF} = {BBC186AD-3AE3-44F8-AC8A-7CF249A804FF}
		{CE537FBB-6476-4E34-A867-1C793F112A2E} = {BBC186AD-3AE3-44F8-AC8A-7CF249A804FF}
		{D0AEEC65-4431-4ACA-B3EB-CE13A2885503} = {BBC186AD-3AE3-44F8-AC8A-7CF249A804FF}
		{CE2FF12D-E373-4375-9C11-67F83773B6D1} = {4EEEF1F0-96F2-4AAB-81F2-632B2CB4744D}
		{3661926F-18D6-454A-8240-BCF07DD5BF4E} = {4EEEF1F0-96F2-4AAB-81F2-632B2CB4744D}
		{FC239C37-E7A4-43B5-A610-3C4B93E935ED} = {4EEEF1F0-96F2-4AAB-81F2-632B2CB4744D}
		{D39AA55C-DC18-4B75-B00C-B5C3F73A29C0} = {4EEEF1F0-96F2-4AAB-81F2-632B2CB4744D}
		{CC1677B6-3166-485C-8C19-56EC70F2A873} = {4EEEF1F0-96F2-4AAB-81F2-632B2CB4744D}
		{630E20F0-4420-4234-903F-3BBF26072226} = {150157B8-E1A8-4641-A240-5872EDAAFED2}
		{8D0D2ACF-DB8C-4EEC-9E55-1C9DDE10E850} = {C63780A2-AA3C-46E2-BCE0-2FEA8AAB4234}
		{C9A993FB-87A5-4CBE-94F1-8D1C00FA5F0B} = {C63780A2-AA3C-46E2-BCE0-2FEA8AAB4234}
		{9ABCE904-ABB4-4959-8DCD-70778D288404} = {630E20F0-4420-4234-903F-3BBF26072226}
		{3768375B-02D2-415C-B4B1-42DA20899F4E} = {630E20F0-4420-4234-903F-3BBF26072226}
		{C1BA4CCF-04E0-4D7E-B217-2EA984A110C2} = {C63780A2-AA3C-46E2-BCE0-2FEA8AAB4234}
		{36C995AE-6649-43EF-A7AA-8B2ACA91D667} = {A58BA0F6-787B-4A30-88C3-01454BDEE1BC}
		{805E8FF2-80D9-429B-A6B5-A846A2DA8BE9} = {A58BA0F6-787B-4A30-88C3-01454BDEE1BC}
		{9A5D37C9-EB0A-41D9-9CD9-AF871EF16BDC} = {A58BA0F6-787B-4A30-88C3-01454BDEE1BC}
		{A24DA96F-0EEF-4AFB-9F73-3F99586520DE} = {A58BA0F6-787B-4A30-88C3-01454BDEE1BC}
		{1DC00D00-81AA-4DFC-B9A6-01A69F1213C9} = {A58BA0F6-787B-4A30-88C3-01454BDEE1BC}
		{FE7A501C-AF36-40EE-BC9B-54D837CFE303} = {627AA02E-C6C0-4E0A-BF5A-DE0A2EF8D465}
		{E95AB3FF-C4A8-4A5B-9A10-34873570B83A} = {150157B8-E1A8-4641-A240-5872EDAAFED2}
		{B7B8607F-545F-4541-A108-1C628CBA1A7C} = {E95AB3FF-C4A8-4A5B-9A10-34873570B83A}
		{91C3B5F1-BF0C-4729-9B35-1CA22B9D9298} = {467C5565-3D0A-4AE5-A109-7411554AB6BD}
		{C467290D-4337-48B3-9CCE-1F4357761F21} = {467C5565-3D0A-4AE5-A109-7411554AB6BD}
		{1135785F-89BF-4DA6-85CA-575B506BC45E} = {467C5565-3D0A-4AE5-A109-7411554AB6BD}
		{D53896BA-A99E-425D-A10B-8F2A2F4647BC} = {467C5565-3D0A-4AE5-A109-7411554AB6BD}
		{E4CD0F62-5F6B-41C1-AB8F-ED91F2F000A8} = {467C5565-3D0A-4AE5-A109-7411554AB6BD}
		{91F9F468-49A3-4CD8-AC51-D332ECEF1873} = {150157B8-E1A8-4641-A240-5872EDAAFED2}
		{7D8C63C6-DCBD-411B-8B1D-52BA32612500} = {91F9F468-49A3-4CD8-AC51-D332ECEF1873}
	EndGlobalSection
	GlobalSection(ExtensibilityGlobals) = postSolution
		SolutionGuid = {E706D7FB-786F-45DA-877E-F9DF95DE2F21}
	EndGlobalSection
EndGlobal
